
Microsoft Visual Studio Solution File, Format Version 12.00
# Visual Studio Version 16
VisualStudioVersion = 16.0.30711.63
MinimumVisualStudioVersion = 10.0.40219.1
Project("{9A19103F-16F7-4668-BE54-9A1E7A4F7556}") = "SpeedFrameworksCore", "SpeedFrameworksCore\SpeedFrameworksCore.csproj", "{FEDF9E57-ECB2-4864-B2AB-FB4BEBE26126}"
EndProject
Project("{9A19103F-16F7-4668-BE54-9A1E7A4F7556}") = "Common", "Common\Common.csproj", "{C7B43A34-5C4A-4B04-A652-754DD4AEDFE1}"
EndProject
Project("{9A19103F-16F7-4668-BE54-9A1E7A4F7556}") = "DAO", "DAO\DAO.csproj", "{25E39A26-0206-44BE-B1D3-315EC6AAC634}"
EndProject
Project("{9A19103F-16F7-4668-BE54-9A1E7A4F7556}") = "APIlib", "APIlib\APIlib.csproj", "{873B0AB9-9BCE-4315-8D5F-AA49F3506036}"
EndProject
Project("{FAE04EC0-301F-11D3-BF4B-00C04F79EFBC}") = "SPFDaoTest", "SPFDaoTest\SPFDaoTest.csproj", "{A5063D94-72FD-4CEF-90D8-2AA38245178D}"
EndProject
Global
	GlobalSection(SolutionConfigurationPlatforms) = preSolution
		Debug|Any CPU = Debug|Any CPU
		Release|Any CPU = Release|Any CPU
	EndGlobalSection
	GlobalSection(ProjectConfigurationPlatforms) = postSolution
		{FEDF9E57-ECB2-4864-B2AB-FB4BEBE26126}.Debug|Any CPU.ActiveCfg = Debug|Any CPU
		{FEDF9E57-ECB2-4864-B2AB-FB4BEBE26126}.Debug|Any CPU.Build.0 = Debug|Any CPU
		{FEDF9E57-ECB2-4864-B2AB-FB4BEBE26126}.Release|Any CPU.ActiveCfg = Release|Any CPU
		{FEDF9E57-ECB2-4864-B2AB-FB4BEBE26126}.Release|Any CPU.Build.0 = Release|Any CPU
		{C7B43A34-5C4A-4B04-A652-754DD4AEDFE1}.Debug|Any CPU.ActiveCfg = Debug|Any CPU
		{C7B43A34-5C4A-4B04-A652-754DD4AEDFE1}.Debug|Any CPU.Build.0 = Debug|Any CPU
		{C7B43A34-5C4A-4B04-A652-754DD4AEDFE1}.Release|Any CPU.ActiveCfg = Release|Any CPU
		{C7B43A34-5C4A-4B04-A652-754DD4AEDFE1}.Release|Any CPU.Build.0 = Release|Any CPU
		{25E39A26-0206-44BE-B1D3-315EC6AAC634}.Debug|Any CPU.ActiveCfg = Debug|Any CPU
		{25E39A26-0206-44BE-B1D3-315EC6AAC634}.Debug|Any CPU.Build.0 = Debug|Any CPU
		{25E39A26-0206-44BE-B1D3-315EC6AAC634}.Release|Any CPU.ActiveCfg = Release|Any CPU
		{25E39A26-0206-44BE-B1D3-315EC6AAC634}.Release|Any CPU.Build.0 = Release|Any CPU
		{873B0AB9-9BCE-4315-8D5F-AA49F3506036}.Debug|Any CPU.ActiveCfg = Debug|Any CPU
		{873B0AB9-9BCE-4315-8D5F-AA49F3506036}.Debug|Any CPU.Build.0 = Debug|Any CPU
		{873B0AB9-9BCE-4315-8D5F-AA49F3506036}.Release|Any CPU.ActiveCfg = Release|Any CPU
		{873B0AB9-9BCE-4315-8D5F-AA49F3506036}.Release|Any CPU.Build.0 = Release|Any CPU
		{A5063D94-72FD-4CEF-90D8-2AA38245178D}.Debug|Any CPU.ActiveCfg = Debug|Any CPU
		{A5063D94-72FD-4CEF-90D8-2AA38245178D}.Debug|Any CPU.Build.0 = Debug|Any CPU
		{A5063D94-72FD-4CEF-90D8-2AA38245178D}.Release|Any CPU.ActiveCfg = Release|Any CPU
		{A5063D94-72FD-4CEF-90D8-2AA38245178D}.Release|Any CPU.Build.0 = Release|Any CPU
	EndGlobalSection
	GlobalSection(SolutionProperties) = preSolution
		HideSolutionNode = FALSE
	EndGlobalSection
	GlobalSection(ExtensibilityGlobals) = postSolution
		SolutionGuid = {1BC5AEA4-F9D9-447F-88BF-FDEC6FCBE30A}
	EndGlobalSection
EndGlobal
